
Microsoft Visual Studio Solution File, Format Version 12.00
# Visual Studio Version 17
VisualStudioVersion = 17.0.31903.59
MinimumVisualStudioVersion = 10.0.40219.1
Project("{2150E333-8FDC-42A3-9474-1A3956D46DE8}") = "backend", "backend", "{5090C821-0136-4C60-9261-9E336B58EBBD}"
EndProject
Project("{FAE04EC0-301F-11D3-BF4B-00C04F79EFBC}") = "Nexustock.Api", "backend\Nexustock.Api\Nexustock.Api.csproj", "{4EB60904-0E24-4328-8674-70CA3A8F9D31}"
EndProject
Project("{2150E333-8FDC-42A3-9474-1A3956D46DE8}") = "modules", "modules", "{8759F8F8-F565-43C2-906A-B45B8244239A}"
EndProject
Project("{FAE04EC0-301F-11D3-BF4B-00C04F79EFBC}") = "Nexustock.Modules.Identity", "backend\modules\Nexustock.Modules.Identity\Nexustock.Modules.Identity.csproj", "{4BB31507-B9F9-48BE-A563-EEA84B1F513E}"
EndProject
Project("{FAE04EC0-301F-11D3-BF4B-00C04F79EFBC}") = "Nexustock.Modules.MasterData", "backend\modules\Nexustock.Modules.MasterData\Nexustock.Modules.MasterData.csproj", "{E1B76CE0-3B56-41FE-A1D1-AC6D07C5C91A}"
EndProject
Project("{FAE04EC0-301F-11D3-BF4B-00C04F79EFBC}") = "Nexustock.Modules.Inbound", "backend\modules\Nexustock.Modules.Inbound\Nexustock.Modules.Inbound.csproj", "{227F2A4B-909D-4AC3-B955-36405EFE3E70}"
EndProject
Project("{FAE04EC0-301F-11D3-BF4B-00C04F79EFBC}") = "Nexustock.Modules.Inventory", "backend\modules\Nexustock.Modules.Inventory\Nexustock.Modules.Inventory.csproj", "{612408FA-5DD3-4202-B770-2A824EF6CFED}"
EndProject
Project("{FAE04EC0-301F-11D3-BF4B-00C04F79EFBC}") = "Nexustock.Modules.Outbound", "backend\modules\Nexustock.Modules.Outbound\Nexustock.Modules.Outbound.csproj", "{C32C74FF-7F52-4305-A801-9718237335F0}"
EndProject
Project("{2150E333-8FDC-42A3-9474-1A3956D46DE8}") = "tests", "tests", "{41655C87-2B37-448F-940C-80618B918A73}"
EndProject
Project("{FAE04EC0-301F-11D3-BF4B-00C04F79EFBC}") = "Nexustock.MasterData.IntegrationTests", "tests\Nexustock.MasterData.IntegrationTests\Nexustock.MasterData.IntegrationTests.csproj", "{573FBDC7-2F8C-4BEA-B137-8E94B54C9E82}"
EndProject
Project("{FAE04EC0-301F-11D3-BF4B-00C04F79EFBC}") = "Nexustock.Modules.Qc", "backend\modules\Nexustock.Modules.Qc\Nexustock.Modules.Qc.csproj", "{C8EA9E84-67F0-4A40-96EB-1FCF1A0E0226}"
EndProject
Project("{FAE04EC0-301F-11D3-BF4B-00C04F79EFBC}") = "Nexustock.Modules.Exceptions", "backend\modules\Nexustock.Modules.Exceptions\Nexustock.Modules.Exceptions.csproj", "{D83767EA-AE7E-4639-9C00-EEA1C7308DE3}"
EndProject
Project("{FAE04EC0-301F-11D3-BF4B-00C04F79EFBC}") = "Nexustock.Modules.Rules", "backend\modules\Nexustock.Modules.Rules\Nexustock.Modules.Rules.csproj", "{689D8D2A-6777-4FF1-AA01-46428F0FEA8C}"
EndProject
Project("{FAE04EC0-301F-11D3-BF4B-00C04F79EFBC}") = "Nexustock.Modules.Putaway", "backend\modules\Nexustock.Modules.Putaway\Nexustock.Modules.Putaway.csproj", "{0281A477-7589-4EBD-9EF0-C59946BF0B57}"
EndProject
Project("{FAE04EC0-301F-11D3-BF4B-00C04F79EFBC}") = "Nexustock.Modules.Allocation", "backend\modules\Nexustock.Modules.Allocation\Nexustock.Modules.Allocation.csproj", "{254867F5-2FAD-41AD-80C1-4FFA6D1E9D29}"
EndProject
Project("{FAE04EC0-301F-11D3-BF4B-00C04F79EFBC}") = "Nexustock.Modules.Replenishment", "backend\modules\Nexustock.Modules.Replenishment\Nexustock.Modules.Replenishment.csproj", "{AAD42813-D998-4515-8549-B4E43E6D85E6}"
EndProject
Project("{FAE04EC0-301F-11D3-BF4B-00C04F79EFBC}") = "Nexustock.Modules.Lpn", "backend\modules\Nexustock.Modules.Lpn\Nexustock.Modules.Lpn.csproj", "{28927EE6-CA72-4E37-91F6-B704F2088936}"
EndProject
Project("{FAE04EC0-301F-11D3-BF4B-00C04F79EFBC}") = "Nexustock.Modules.Serial", "backend\modules\Nexustock.Modules.Serial\Nexustock.Modules.Serial.csproj", "{8FBF351F-E49D-4319-9815-BBFC95E7C102}"
EndProject
Project("{FAE04EC0-301F-11D3-BF4B-00C04F79EFBC}") = "Nexustock.Modules.MaterialGenealogy", "backend\modules\Nexustock.Modules.MaterialGenealogy\Nexustock.Modules.MaterialGenealogy.csproj", "{F3BD4403-8183-4C7C-9C6E-AF897931CE9A}"
EndProject
Project("{FAE04EC0-301F-11D3-BF4B-00C04F79EFBC}") = "Nexustock.Modules.LocalAgent", "backend\modules\Nexustock.Modules.LocalAgent\Nexustock.Modules.LocalAgent.csproj", "{C5FA8C88-F8D2-4CE4-9D94-6729B0D5D304}"
EndProject
Project("{FAE04EC0-301F-11D3-BF4B-00C04F79EFBC}") = "Nexustock.Modules.ErpIntegration", "backend\modules\Nexustock.Modules.ErpIntegration\Nexustock.Modules.ErpIntegration.csproj", "{0B1E05E3-011C-437C-A490-D139F451822B}"
EndProject
Project("{FAE04EC0-301F-11D3-BF4B-00C04F79EFBC}") = "Nexustock.Modules.Observability", "backend\modules\Nexustock.Modules.Observability\Nexustock.Modules.Observability.csproj", "{8E7A68E0-E4F6-4945-9F97-9ABE52644199}"
EndProject
Project("{FAE04EC0-301F-11D3-BF4B-00C04F79EFBC}") = "Nexustock.Modules.LaborTracking", "backend\modules\Nexustock.Modules.LaborTracking\Nexustock.Modules.LaborTracking.csproj", "{2F8D4468-A2CC-4F02-AD3F-C4F6F82668D0}"
EndProject
Project("{FAE04EC0-301F-11D3-BF4B-00C04F79EFBC}") = "Nexustock.TaskInterleaving.UnitTests", "tests\Nexustock.TaskInterleaving.UnitTests\Nexustock.TaskInterleaving.UnitTests.csproj", "{1B73F294-7C78-4A20-ADBD-DF5019F12734}"
EndProject
Project("{FAE04EC0-301F-11D3-BF4B-00C04F79EFBC}") = "Nexustock.Modules.Readiness", "backend\modules\Nexustock.Modules.Readiness\Nexustock.Modules.Readiness.csproj", "{068CFCE3-AD31-4C07-A73A-B37E7F5C05D7}"
EndProject
Project("{FAE04EC0-301F-11D3-BF4B-00C04F79EFBC}") = "Nexustock.Modules.Files", "backend\modules\Nexustock.Modules.Files\Nexustock.Modules.Files.csproj", "{3737AA24-31EB-4C3E-9791-1E8C3CB111BD}"
EndProject
Project("{FAE04EC0-301F-11D3-BF4B-00C04F79EFBC}") = "Nexustock.Files.IntegrationTests", "tests\Nexustock.Files.IntegrationTests\Nexustock.Files.IntegrationTests.csproj", "{A7C296C2-3FDE-4125-A60D-FF65C98C9905}"
EndProject
Project("{FAE04EC0-301F-11D3-BF4B-00C04F79EFBC}") = "Nexustock.Modules.Qc.Abstractions", "backend\modules\Nexustock.Modules.Qc.Abstractions\Nexustock.Modules.Qc.Abstractions.csproj", "{177C1FB5-9E96-4848-9F12-8C1D3BA031A6}"
EndProject
Project("{FAE04EC0-301F-11D3-BF4B-00C04F79EFBC}") = "Nexustock.Modules.Webhook", "backend\modules\Nexustock.Modules.Webhook\Nexustock.Modules.Webhook.csproj", "{11A03C7C-9E67-4C2D-B55D-32D8F48933E8}"
EndProject
Project("{FAE04EC0-301F-11D3-BF4B-00C04F79EFBC}") = "Nexustock.Modules.Wave", "backend\modules\Nexustock.Modules.Wave\Nexustock.Modules.Wave.csproj", "{0ACE9B6E-53F6-45D2-865D-67DDCCCD14E6}"
EndProject
Project("{FAE04EC0-301F-11D3-BF4B-00C04F79EFBC}") = "Nexustock.Modules.Rma", "backend\modules\Nexustock.Modules.Rma\Nexustock.Modules.Rma.csproj", "{09AB43D5-7EA7-4EA4-9A24-085178233379}"
EndProject
Project("{FAE04EC0-301F-11D3-BF4B-00C04F79EFBC}") = "Nexustock.Modules.LabelPrinting", "backend\modules\Nexustock.Modules.LabelPrinting\Nexustock.Modules.LabelPrinting.csproj", "{0DEEDC42-F174-4371-94C1-6AB49175D399}"
EndProject
Project("{FAE04EC0-301F-11D3-BF4B-00C04F79EFBC}") = "Nexustock.Modules.CrossDocking", "backend\modules\Nexustock.Modules.CrossDocking\Nexustock.Modules.CrossDocking.csproj", "{9D1DF237-E489-4F08-B3D6-D5E57858590B}"
EndProject
Project("{FAE04EC0-301F-11D3-BF4B-00C04F79EFBC}") = "Nexustock.Modules.TaskInterleaving", "backend\modules\Nexustock.Modules.TaskInterleaving\Nexustock.Modules.TaskInterleaving.csproj", "{B55AD2B9-D6B3-4E5F-88FF-116CB0385B89}"
EndProject
Global
	GlobalSection(SolutionConfigurationPlatforms) = preSolution
		Debug|Any CPU = Debug|Any CPU
		Release|Any CPU = Release|Any CPU
	EndGlobalSection
	GlobalSection(SolutionProperties) = preSolution
		HideSolutionNode = FALSE
	EndGlobalSection
	GlobalSection(ProjectConfigurationPlatforms) = postSolution
		{4EB60904-0E24-4328-8674-70CA3A8F9D31}.Debug|Any CPU.ActiveCfg = Debug|Any CPU
		{4EB60904-0E24-4328-8674-70CA3A8F9D31}.Debug|Any CPU.Build.0 = Debug|Any CPU
		{4EB60904-0E24-4328-8674-70CA3A8F9D31}.Release|Any CPU.ActiveCfg = Release|Any CPU
		{4EB60904-0E24-4328-8674-70CA3A8F9D31}.Release|Any CPU.Build.0 = Release|Any CPU
		{4BB31507-B9F9-48BE-A563-EEA84B1F513E}.Debug|Any CPU.ActiveCfg = Debug|Any CPU
		{4BB31507-B9F9-48BE-A563-EEA84B1F513E}.Debug|Any CPU.Build.0 = Debug|Any CPU
		{4BB31507-B9F9-48BE-A563-EEA84B1F513E}.Release|Any CPU.ActiveCfg = Release|Any CPU
		{4BB31507-B9F9-48BE-A563-EEA84B1F513E}.Release|Any CPU.Build.0 = Release|Any CPU
		{E1B76CE0-3B56-41FE-A1D1-AC6D07C5C91A}.Debug|Any CPU.ActiveCfg = Debug|Any CPU
		{E1B76CE0-3B56-41FE-A1D1-AC6D07C5C91A}.Debug|Any CPU.Build.0 = Debug|Any CPU
		{E1B76CE0-3B56-41FE-A1D1-AC6D07C5C91A}.Release|Any CPU.ActiveCfg = Release|Any CPU
		{E1B76CE0-3B56-41FE-A1D1-AC6D07C5C91A}.Release|Any CPU.Build.0 = Release|Any CPU
		{227F2A4B-909D-4AC3-B955-36405EFE3E70}.Debug|Any CPU.ActiveCfg = Debug|Any CPU
		{227F2A4B-909D-4AC3-B955-36405EFE3E70}.Debug|Any CPU.Build.0 = Debug|Any CPU
		{227F2A4B-909D-4AC3-B955-36405EFE3E70}.Release|Any CPU.ActiveCfg = Release|Any CPU
		{227F2A4B-909D-4AC3-B955-36405EFE3E70}.Release|Any CPU.Build.0 = Release|Any CPU
		{612408FA-5DD3-4202-B770-2A824EF6CFED}.Debug|Any CPU.ActiveCfg = Debug|Any CPU
		{612408FA-5DD3-4202-B770-2A824EF6CFED}.Debug|Any CPU.Build.0 = Debug|Any CPU
		{612408FA-5DD3-4202-B770-2A824EF6CFED}.Release|Any CPU.ActiveCfg = Release|Any CPU
		{612408FA-5DD3-4202-B770-2A824EF6CFED}.Release|Any CPU.Build.0 = Release|Any CPU
		{C32C74FF-7F52-4305-A801-9718237335F0}.Debug|Any CPU.ActiveCfg = Debug|Any CPU
		{C32C74FF-7F52-4305-A801-9718237335F0}.Debug|Any CPU.Build.0 = Debug|Any CPU
		{C32C74FF-7F52-4305-A801-9718237335F0}.Release|Any CPU.ActiveCfg = Release|Any CPU
		{C32C74FF-7F52-4305-A801-9718237335F0}.Release|Any CPU.Build.0 = Release|Any CPU
		{573FBDC7-2F8C-4BEA-B137-8E94B54C9E82}.Debug|Any CPU.ActiveCfg = Debug|Any CPU
		{573FBDC7-2F8C-4BEA-B137-8E94B54C9E82}.Debug|Any CPU.Build.0 = Debug|Any CPU
		{573FBDC7-2F8C-4BEA-B137-8E94B54C9E82}.Release|Any CPU.ActiveCfg = Release|Any CPU
		{573FBDC7-2F8C-4BEA-B137-8E94B54C9E82}.Release|Any CPU.Build.0 = Release|Any CPU
		{C8EA9E84-67F0-4A40-96EB-1FCF1A0E0226}.Debug|Any CPU.ActiveCfg = Debug|Any CPU
		{C8EA9E84-67F0-4A40-96EB-1FCF1A0E0226}.Debug|Any CPU.Build.0 = Debug|Any CPU
		{C8EA9E84-67F0-4A40-96EB-1FCF1A0E0226}.Release|Any CPU.ActiveCfg = Release|Any CPU
		{C8EA9E84-67F0-4A40-96EB-1FCF1A0E0226}.Release|Any CPU.Build.0 = Release|Any CPU
		{D83767EA-AE7E-4639-9C00-EEA1C7308DE3}.Debug|Any CPU.ActiveCfg = Debug|Any CPU
		{D83767EA-AE7E-4639-9C00-EEA1C7308DE3}.Debug|Any CPU.Build.0 = Debug|Any CPU
		{D83767EA-AE7E-4639-9C00-EEA1C7308DE3}.Release|Any CPU.ActiveCfg = Release|Any CPU
		{D83767EA-AE7E-4639-9C00-EEA1C7308DE3}.Release|Any CPU.Build.0 = Release|Any CPU
		{689D8D2A-6777-4FF1-AA01-46428F0FEA8C}.Debug|Any CPU.ActiveCfg = Debug|Any CPU
		{689D8D2A-6777-4FF1-AA01-46428F0FEA8C}.Debug|Any CPU.Build.0 = Debug|Any CPU
		{689D8D2A-6777-4FF1-AA01-46428F0FEA8C}.Release|Any CPU.ActiveCfg = Release|Any CPU
		{689D8D2A-6777-4FF1-AA01-46428F0FEA8C}.Release|Any CPU.Build.0 = Release|Any CPU
		{0281A477-7589-4EBD-9EF0-C59946BF0B57}.Debug|Any CPU.ActiveCfg = Debug|Any CPU
		{0281A477-7589-4EBD-9EF0-C59946BF0B57}.Debug|Any CPU.Build.0 = Debug|Any CPU
		{0281A477-7589-4EBD-9EF0-C59946BF0B57}.Release|Any CPU.ActiveCfg = Release|Any CPU
		{0281A477-7589-4EBD-9EF0-C59946BF0B57}.Release|Any CPU.Build.0 = Release|Any CPU
		{254867F5-2FAD-41AD-80C1-4FFA6D1E9D29}.Debug|Any CPU.ActiveCfg = Debug|Any CPU
		{254867F5-2FAD-41AD-80C1-4FFA6D1E9D29}.Debug|Any CPU.Build.0 = Debug|Any CPU
		{254867F5-2FAD-41AD-80C1-4FFA6D1E9D29}.Release|Any CPU.ActiveCfg = Release|Any CPU
		{254867F5-2FAD-41AD-80C1-4FFA6D1E9D29}.Release|Any CPU.Build.0 = Release|Any CPU
		{AAD42813-D998-4515-8549-B4E43E6D85E6}.Debug|Any CPU.ActiveCfg = Debug|Any CPU
		{AAD42813-D998-4515-8549-B4E43E6D85E6}.Debug|Any CPU.Build.0 = Debug|Any CPU
		{AAD42813-D998-4515-8549-B4E43E6D85E6}.Release|Any CPU.ActiveCfg = Release|Any CPU
		{AAD42813-D998-4515-8549-B4E43E6D85E6}.Release|Any CPU.Build.0 = Release|Any CPU
		{28927EE6-CA72-4E37-91F6-B704F2088936}.Debug|Any CPU.ActiveCfg = Debug|Any CPU
		{28927EE6-CA72-4E37-91F6-B704F2088936}.Debug|Any CPU.Build.0 = Debug|Any CPU
		{28927EE6-CA72-4E37-91F6-B704F2088936}.Release|Any CPU.ActiveCfg = Release|Any CPU
		{28927EE6-CA72-4E37-91F6-B704F2088936}.Release|Any CPU.Build.0 = Release|Any CPU
		{8FBF351F-E49D-4319-9815-BBFC95E7C102}.Debug|Any CPU.ActiveCfg = Debug|Any CPU
		{8FBF351F-E49D-4319-9815-BBFC95E7C102}.Debug|Any CPU.Build.0 = Debug|Any CPU
		{8FBF351F-E49D-4319-9815-BBFC95E7C102}.Release|Any CPU.ActiveCfg = Release|Any CPU
		{8FBF351F-E49D-4319-9815-BBFC95E7C102}.Release|Any CPU.Build.0 = Release|Any CPU
		{F3BD4403-8183-4C7C-9C6E-AF897931CE9A}.Debug|Any CPU.ActiveCfg = Debug|Any CPU
		{F3BD4403-8183-4C7C-9C6E-AF897931CE9A}.Debug|Any CPU.Build.0 = Debug|Any CPU
		{F3BD4403-8183-4C7C-9C6E-AF897931CE9A}.Release|Any CPU.ActiveCfg = Release|Any CPU
		{F3BD4403-8183-4C7C-9C6E-AF897931CE9A}.Release|Any CPU.Build.0 = Release|Any CPU
		{C5FA8C88-F8D2-4CE4-9D94-6729B0D5D304}.Debug|Any CPU.ActiveCfg = Debug|Any CPU
		{C5FA8C88-F8D2-4CE4-9D94-6729B0D5D304}.Debug|Any CPU.Build.0 = Debug|Any CPU
		{C5FA8C88-F8D2-4CE4-9D94-6729B0D5D304}.Release|Any CPU.ActiveCfg = Release|Any CPU
		{C5FA8C88-F8D2-4CE4-9D94-6729B0D5D304}.Release|Any CPU.Build.0 = Release|Any CPU
		{0B1E05E3-011C-437C-A490-D139F451822B}.Debug|Any CPU.ActiveCfg = Debug|Any CPU
		{0B1E05E3-011C-437C-A490-D139F451822B}.Debug|Any CPU.Build.0 = Debug|Any CPU
		{0B1E05E3-011C-437C-A490-D139F451822B}.Release|Any CPU.ActiveCfg = Release|Any CPU
		{0B1E05E3-011C-437C-A490-D139F451822B}.Release|Any CPU.Build.0 = Release|Any CPU
		{8E7A68E0-E4F6-4945-9F97-9ABE52644199}.Debug|Any CPU.ActiveCfg = Debug|Any CPU
		{8E7A68E0-E4F6-4945-9F97-9ABE52644199}.Debug|Any CPU.Build.0 = Debug|Any CPU
		{8E7A68E0-E4F6-4945-9F97-9ABE52644199}.Release|Any CPU.ActiveCfg = Release|Any CPU
		{8E7A68E0-E4F6-4945-9F97-9ABE52644199}.Release|Any CPU.Build.0 = Release|Any CPU
		{2F8D4468-A2CC-4F02-AD3F-C4F6F82668D0}.Debug|Any CPU.ActiveCfg = Debug|Any CPU
		{2F8D4468-A2CC-4F02-AD3F-C4F6F82668D0}.Debug|Any CPU.Build.0 = Debug|Any CPU
		{2F8D4468-A2CC-4F02-AD3F-C4F6F82668D0}.Release|Any CPU.ActiveCfg = Release|Any CPU
		{2F8D4468-A2CC-4F02-AD3F-C4F6F82668D0}.Release|Any CPU.Build.0 = Release|Any CPU
		{1B73F294-7C78-4A20-ADBD-DF5019F12734}.Debug|Any CPU.ActiveCfg = Debug|Any CPU
		{1B73F294-7C78-4A20-ADBD-DF5019F12734}.Debug|Any CPU.Build.0 = Debug|Any CPU
		{1B73F294-7C78-4A20-ADBD-DF5019F12734}.Release|Any CPU.ActiveCfg = Release|Any CPU
		{1B73F294-7C78-4A20-ADBD-DF5019F12734}.Release|Any CPU.Build.0 = Release|Any CPU
		{068CFCE3-AD31-4C07-A73A-B37E7F5C05D7}.Debug|Any CPU.ActiveCfg = Debug|Any CPU
		{068CFCE3-AD31-4C07-A73A-B37E7F5C05D7}.Debug|Any CPU.Build.0 = Debug|Any CPU
		{068CFCE3-AD31-4C07-A73A-B37E7F5C05D7}.Release|Any CPU.ActiveCfg = Release|Any CPU
		{068CFCE3-AD31-4C07-A73A-B37E7F5C05D7}.Release|Any CPU.Build.0 = Release|Any CPU
		{3737AA24-31EB-4C3E-9791-1E8C3CB111BD}.Debug|Any CPU.ActiveCfg = Debug|Any CPU
		{3737AA24-31EB-4C3E-9791-1E8C3CB111BD}.Debug|Any CPU.Build.0 = Debug|Any CPU
		{3737AA24-31EB-4C3E-9791-1E8C3CB111BD}.Release|Any CPU.ActiveCfg = Release|Any CPU
		{3737AA24-31EB-4C3E-9791-1E8C3CB111BD}.Release|Any CPU.Build.0 = Release|Any CPU
		{A7C296C2-3FDE-4125-A60D-FF65C98C9905}.Debug|Any CPU.ActiveCfg = Debug|Any CPU
		{A7C296C2-3FDE-4125-A60D-FF65C98C9905}.Debug|Any CPU.Build.0 = Debug|Any CPU
		{A7C296C2-3FDE-4125-A60D-FF65C98C9905}.Release|Any CPU.ActiveCfg = Release|Any CPU
		{A7C296C2-3FDE-4125-A60D-FF65C98C9905}.Release|Any CPU.Build.0 = Release|Any CPU
		{177C1FB5-9E96-4848-9F12-8C1D3BA031A6}.Debug|Any CPU.ActiveCfg = Debug|Any CPU
		{177C1FB5-9E96-4848-9F12-8C1D3BA031A6}.Debug|Any CPU.Build.0 = Debug|Any CPU
		{177C1FB5-9E96-4848-9F12-8C1D3BA031A6}.Release|Any CPU.ActiveCfg = Release|Any CPU
		{177C1FB5-9E96-4848-9F12-8C1D3BA031A6}.Release|Any CPU.Build.0 = Release|Any CPU
		{11A03C7C-9E67-4C2D-B55D-32D8F48933E8}.Debug|Any CPU.ActiveCfg = Debug|Any CPU
		{11A03C7C-9E67-4C2D-B55D-32D8F48933E8}.Debug|Any CPU.Build.0 = Debug|Any CPU
		{11A03C7C-9E67-4C2D-B55D-32D8F48933E8}.Release|Any CPU.ActiveCfg = Release|Any CPU
		{11A03C7C-9E67-4C2D-B55D-32D8F48933E8}.Release|Any CPU.Build.0 = Release|Any CPU
		{0ACE9B6E-53F6-45D2-865D-67DDCCCD14E6}.Debug|Any CPU.ActiveCfg = Debug|Any CPU
		{0ACE9B6E-53F6-45D2-865D-67DDCCCD14E6}.Debug|Any CPU.Build.0 = Debug|Any CPU
		{0ACE9B6E-53F6-45D2-865D-67DDCCCD14E6}.Release|Any CPU.ActiveCfg = Release|Any CPU
		{0ACE9B6E-53F6-45D2-865D-67DDCCCD14E6}.Release|Any CPU.Build.0 = Release|Any CPU
		{09AB43D5-7EA7-4EA4-9A24-085178233379}.Debug|Any CPU.ActiveCfg = Debug|Any CPU
		{09AB43D5-7EA7-4EA4-9A24-085178233379}.Debug|Any CPU.Build.0 = Debug|Any CPU
		{09AB43D5-7EA7-4EA4-9A24-085178233379}.Release|Any CPU.ActiveCfg = Release|Any CPU
		{09AB43D5-7EA7-4EA4-9A24-085178233379}.Release|Any CPU.Build.0 = Release|Any CPU
		{0DEEDC42-F174-4371-94C1-6AB49175D399}.Debug|Any CPU.ActiveCfg = Debug|Any CPU
		{0DEEDC42-F174-4371-94C1-6AB49175D399}.Debug|Any CPU.Build.0 = Debug|Any CPU
		{0DEEDC42-F174-4371-94C1-6AB49175D399}.Release|Any CPU.ActiveCfg = Release|Any CPU
		{0DEEDC42-F174-4371-94C1-6AB49175D399}.Release|Any CPU.Build.0 = Release|Any CPU
		{9D1DF237-E489-4F08-B3D6-D5E57858590B}.Debug|Any CPU.ActiveCfg = Debug|Any CPU
		{9D1DF237-E489-4F08-B3D6-D5E57858590B}.Debug|Any CPU.Build.0 = Debug|Any CPU
		{9D1DF237-E489-4F08-B3D6-D5E57858590B}.Release|Any CPU.ActiveCfg = Release|Any CPU
		{9D1DF237-E489-4F08-B3D6-D5E57858590B}.Release|Any CPU.Build.0 = Release|Any CPU
		{B55AD2B9-D6B3-4E5F-88FF-116CB0385B89}.Debug|Any CPU.ActiveCfg = Debug|Any CPU
		{B55AD2B9-D6B3-4E5F-88FF-116CB0385B89}.Debug|Any CPU.Build.0 = Debug|Any CPU
		{B55AD2B9-D6B3-4E5F-88FF-116CB0385B89}.Release|Any CPU.ActiveCfg = Release|Any CPU
		{B55AD2B9-D6B3-4E5F-88FF-116CB0385B89}.Release|Any CPU.Build.0 = Release|Any CPU
	EndGlobalSection
	GlobalSection(NestedProjects) = preSolution
		{4EB60904-0E24-4328-8674-70CA3A8F9D31} = {5090C821-0136-4C60-9261-9E336B58EBBD}
		{8759F8F8-F565-43C2-906A-B45B8244239A} = {5090C821-0136-4C60-9261-9E336B58EBBD}
		{4BB31507-B9F9-48BE-A563-EEA84B1F513E} = {8759F8F8-F565-43C2-906A-B45B8244239A}
		{E1B76CE0-3B56-41FE-A1D1-AC6D07C5C91A} = {8759F8F8-F565-43C2-906A-B45B8244239A}
		{227F2A4B-909D-4AC3-B955-36405EFE3E70} = {8759F8F8-F565-43C2-906A-B45B8244239A}
		{612408FA-5DD3-4202-B770-2A824EF6CFED} = {8759F8F8-F565-43C2-906A-B45B8244239A}
		{C32C74FF-7F52-4305-A801-9718237335F0} = {8759F8F8-F565-43C2-906A-B45B8244239A}
		{573FBDC7-2F8C-4BEA-B137-8E94B54C9E82} = {41655C87-2B37-448F-940C-80618B918A73}
		{C8EA9E84-67F0-4A40-96EB-1FCF1A0E0226} = {8759F8F8-F565-43C2-906A-B45B8244239A}
		{D83767EA-AE7E-4639-9C00-EEA1C7308DE3} = {8759F8F8-F565-43C2-906A-B45B8244239A}
		{689D8D2A-6777-4FF1-AA01-46428F0FEA8C} = {8759F8F8-F565-43C2-906A-B45B8244239A}
		{0281A477-7589-4EBD-9EF0-C59946BF0B57} = {8759F8F8-F565-43C2-906A-B45B8244239A}
		{254867F5-2FAD-41AD-80C1-4FFA6D1E9D29} = {8759F8F8-F565-43C2-906A-B45B8244239A}
		{AAD42813-D998-4515-8549-B4E43E6D85E6} = {8759F8F8-F565-43C2-906A-B45B8244239A}
		{28927EE6-CA72-4E37-91F6-B704F2088936} = {8759F8F8-F565-43C2-906A-B45B8244239A}
		{8FBF351F-E49D-4319-9815-BBFC95E7C102} = {8759F8F8-F565-43C2-906A-B45B8244239A}
		{F3BD4403-8183-4C7C-9C6E-AF897931CE9A} = {8759F8F8-F565-43C2-906A-B45B8244239A}
		{C5FA8C88-F8D2-4CE4-9D94-6729B0D5D304} = {8759F8F8-F565-43C2-906A-B45B8244239A}
		{0B1E05E3-011C-437C-A490-D139F451822B} = {8759F8F8-F565-43C2-906A-B45B8244239A}
		{8E7A68E0-E4F6-4945-9F97-9ABE52644199} = {8759F8F8-F565-43C2-906A-B45B8244239A}
		{2F8D4468-A2CC-4F02-AD3F-C4F6F82668D0} = {8759F8F8-F565-43C2-906A-B45B8244239A}
		{1B73F294-7C78-4A20-ADBD-DF5019F12734} = {41655C87-2B37-448F-940C-80618B918A73}
		{068CFCE3-AD31-4C07-A73A-B37E7F5C05D7} = {8759F8F8-F565-43C2-906A-B45B8244239A}
		{3737AA24-31EB-4C3E-9791-1E8C3CB111BD} = {8759F8F8-F565-43C2-906A-B45B8244239A}
		{A7C296C2-3FDE-4125-A60D-FF65C98C9905} = {41655C87-2B37-448F-940C-80618B918A73}
		{177C1FB5-9E96-4848-9F12-8C1D3BA031A6} = {8759F8F8-F565-43C2-906A-B45B8244239A}
		{11A03C7C-9E67-4C2D-B55D-32D8F48933E8} = {8759F8F8-F565-43C2-906A-B45B8244239A}
		{0ACE9B6E-53F6-45D2-865D-67DDCCCD14E6} = {8759F8F8-F565-43C2-906A-B45B8244239A}
		{09AB43D5-7EA7-4EA4-9A24-085178233379} = {8759F8F8-F565-43C2-906A-B45B8244239A}
		{0DEEDC42-F174-4371-94C1-6AB49175D399} = {8759F8F8-F565-43C2-906A-B45B8244239A}
		{9D1DF237-E489-4F08-B3D6-D5E57858590B} = {8759F8F8-F565-43C2-906A-B45B8244239A}
		{B55AD2B9-D6B3-4E5F-88FF-116CB0385B89} = {8759F8F8-F565-43C2-906A-B45B8244239A}
	EndGlobalSection
EndGlobal
