
Microsoft Visual Studio Solution File, Format Version 12.00
# Visual Studio Version 17
VisualStudioVersion = 17.0.31903.59
MinimumVisualStudioVersion = 10.0.40219.1
Project("{2150E333-8FDC-42A3-9474-1A3956D46DE8}") = "backend", "backend", "{5090C821-0136-4C60-9261-9E336B58EBBD}"
EndProject
Project("{FAE04EC0-301F-11D3-BF4B-00C04F79EFBC}") = "Nexustock.Api", "backend\Nexustock.Api\Nexustock.Api.csproj", "{4EB60904-0E24-4328-8674-70CA3A8F9D31}"
EndProject
Project("{2150E333-8FDC-42A3-9474-1A3956D46DE8}") = "modules", "modules", "{8759F8F8-F565-43C2-906A-B45B8244239A}"
EndProject
Project("{FAE04EC0-301F-11D3-BF4B-00C04F79EFBC}") = "Nexustock.Modules.Identity", "backend\modules\Nexustock.Modules.Identity\Nexustock.Modules.Identity.csproj", "{4BB31507-B9F9-48BE-A563-EEA84B1F513E}"
EndProject
Project("{FAE04EC0-301F-11D3-BF4B-00C04F79EFBC}") = "Nexustock.Modules.MasterData", "backend\modules\Nexustock.Modules.MasterData\Nexustock.Modules.MasterData.csproj", "{E1B76CE0-3B56-41FE-A1D1-AC6D07C5C91A}"
EndProject
Project("{FAE04EC0-301F-11D3-BF4B-00C04F79EFBC}") = "Nexustock.Modules.Inbound", "backend\modules\Nexustock.Modules.Inbound\Nexustock.Modules.Inbound.csproj", "{227F2A4B-909D-4AC3-B955-36405EFE3E70}"
EndProject
Project("{FAE04EC0-301F-11D3-BF4B-00C04F79EFBC}") = "Nexustock.Modules.Inventory", "backend\modules\Nexustock.Modules.Inventory\Nexustock.Modules.Inventory.csproj", "{612408FA-5DD3-4202-B770-2A824EF6CFED}"
EndProject
Project("{FAE04EC0-301F-11D3-BF4B-00C04F79EFBC}") = "Nexustock.Modules.Outbound", "backend\modules\Nexustock.Modules.Outbound\Nexustock.Modules.Outbound.csproj", "{C32C74FF-7F52-4305-A801-9718237335F0}"
EndProject
Project("{2150E333-8FDC-42A3-9474-1A3956D46DE8}") = "tests", "tests", "{41655C87-2B37-448F-940C-80618B918A73}"
EndProject
Project("{FAE04EC0-301F-11D3-BF4B-00C04F79EFBC}") = "Nexustock.MasterData.IntegrationTests", "tests\Nexustock.MasterData.IntegrationTests\Nexustock.MasterData.IntegrationTests.csproj", "{573FBDC7-2F8C-4BEA-B137-8E94B54C9E82}"
EndProject
Project("{FAE04EC0-301F-11D3-BF4B-00C04F79EFBC}") = "Nexustock.Modules.Qc", "backend\modules\Nexustock.Modules.Qc\Nexustock.Modules.Qc.csproj", "{C8EA9E84-67F0-4A40-96EB-1FCF1A0E0226}"
EndProject
Project("{FAE04EC0-301F-11D3-BF4B-00C04F79EFBC}") = "Nexustock.Modules.Exceptions", "backend\modules\Nexustock.Modules.Exceptions\Nexustock.Modules.Exceptions.csproj", "{D83767EA-AE7E-4639-9C00-EEA1C7308DE3}"
EndProject
Project("{FAE04EC0-301F-11D3-BF4B-00C04F79EFBC}") = "Nexustock.Modules.Rules", "backend\modules\Nexustock.Modules.Rules\Nexustock.Modules.Rules.csproj", "{689D8D2A-6777-4FF1-AA01-46428F0FEA8C}"
EndProject
Project("{FAE04EC0-301F-11D3-BF4B-00C04F79EFBC}") = "Nexustock.Modules.Putaway", "backend\modules\Nexustock.Modules.Putaway\Nexustock.Modules.Putaway.csproj", "{0281A477-7589-4EBD-9EF0-C59946BF0B57}"
EndProject
Project("{FAE04EC0-301F-11D3-BF4B-00C04F79EFBC}") = "Nexustock.Modules.Allocation", "backend\modules\Nexustock.Modules.Allocation\Nexustock.Modules.Allocation.csproj", "{254867F5-2FAD-41AD-80C1-4FFA6D1E9D29}"
EndProject
Project("{FAE04EC0-301F-11D3-BF4B-00C04F79EFBC}") = "Nexustock.Modules.Replenishment", "backend\modules\Nexustock.Modules.Replenishment\Nexustock.Modules.Replenishment.csproj", "{AAD42813-D998-4515-8549-B4E43E6D85E6}"
EndProject
Project("{FAE04EC0-301F-11D3-BF4B-00C04F79EFBC}") = "Nexustock.Modules.Lpn", "backend\modules\Nexustock.Modules.Lpn\Nexustock.Modules.Lpn.csproj", "{28927EE6-CA72-4E37-91F6-B704F2088936}"
EndProject
Project("{FAE04EC0-301F-11D3-BF4B-00C04F79EFBC}") = "Nexustock.Modules.Serial", "backend\modules\Nexustock.Modules.Serial\Nexustock.Modules.Serial.csproj", "{8FBF351F-E49D-4319-9815-BBFC95E7C102}"
EndProject
Global
	GlobalSection(SolutionConfigurationPlatforms) = preSolution
		Debug|Any CPU = Debug|Any CPU
		Release|Any CPU = Release|Any CPU
	EndGlobalSection
	GlobalSection(SolutionProperties) = preSolution
		HideSolutionNode = FALSE
	EndGlobalSection
	GlobalSection(ProjectConfigurationPlatforms) = postSolution
		{4EB60904-0E24-4328-8674-70CA3A8F9D31}.Debug|Any CPU.ActiveCfg = Debug|Any CPU
		{4EB60904-0E24-4328-8674-70CA3A8F9D31}.Debug|Any CPU.Build.0 = Debug|Any CPU
		{4EB60904-0E24-4328-8674-70CA3A8F9D31}.Release|Any CPU.ActiveCfg = Release|Any CPU
		{4EB60904-0E24-4328-8674-70CA3A8F9D31}.Release|Any CPU.Build.0 = Release|Any CPU
		{4BB31507-B9F9-48BE-A563-EEA84B1F513E}.Debug|Any CPU.ActiveCfg = Debug|Any CPU
		{4BB31507-B9F9-48BE-A563-EEA84B1F513E}.Debug|Any CPU.Build.0 = Debug|Any CPU
		{4BB31507-B9F9-48BE-A563-EEA84B1F513E}.Release|Any CPU.ActiveCfg = Release|Any CPU
		{4BB31507-B9F9-48BE-A563-EEA84B1F513E}.Release|Any CPU.Build.0 = Release|Any CPU
		{E1B76CE0-3B56-41FE-A1D1-AC6D07C5C91A}.Debug|Any CPU.ActiveCfg = Debug|Any CPU
		{E1B76CE0-3B56-41FE-A1D1-AC6D07C5C91A}.Debug|Any CPU.Build.0 = Debug|Any CPU
		{E1B76CE0-3B56-41FE-A1D1-AC6D07C5C91A}.Release|Any CPU.ActiveCfg = Release|Any CPU
		{E1B76CE0-3B56-41FE-A1D1-AC6D07C5C91A}.Release|Any CPU.Build.0 = Release|Any CPU
		{227F2A4B-909D-4AC3-B955-36405EFE3E70}.Debug|Any CPU.ActiveCfg = Debug|Any CPU
		{227F2A4B-909D-4AC3-B955-36405EFE3E70}.Debug|Any CPU.Build.0 = Debug|Any CPU
		{227F2A4B-909D-4AC3-B955-36405EFE3E70}.Release|Any CPU.ActiveCfg = Release|Any CPU
		{227F2A4B-909D-4AC3-B955-36405EFE3E70}.Release|Any CPU.Build.0 = Release|Any CPU
		{612408FA-5DD3-4202-B770-2A824EF6CFED}.Debug|Any CPU.ActiveCfg = Debug|Any CPU
		{612408FA-5DD3-4202-B770-2A824EF6CFED}.Debug|Any CPU.Build.0 = Debug|Any CPU
		{612408FA-5DD3-4202-B770-2A824EF6CFED}.Release|Any CPU.ActiveCfg = Release|Any CPU
		{612408FA-5DD3-4202-B770-2A824EF6CFED}.Release|Any CPU.Build.0 = Release|Any CPU
		{C32C74FF-7F52-4305-A801-9718237335F0}.Debug|Any CPU.ActiveCfg = Debug|Any CPU
		{C32C74FF-7F52-4305-A801-9718237335F0}.Debug|Any CPU.Build.0 = Debug|Any CPU
		{C32C74FF-7F52-4305-A801-9718237335F0}.Release|Any CPU.ActiveCfg = Release|Any CPU
		{C32C74FF-7F52-4305-A801-9718237335F0}.Release|Any CPU.Build.0 = Release|Any CPU
		{573FBDC7-2F8C-4BEA-B137-8E94B54C9E82}.Debug|Any CPU.ActiveCfg = Debug|Any CPU
		{573FBDC7-2F8C-4BEA-B137-8E94B54C9E82}.Debug|Any CPU.Build.0 = Debug|Any CPU
		{573FBDC7-2F8C-4BEA-B137-8E94B54C9E82}.Release|Any CPU.ActiveCfg = Release|Any CPU
		{573FBDC7-2F8C-4BEA-B137-8E94B54C9E82}.Release|Any CPU.Build.0 = Release|Any CPU
		{C8EA9E84-67F0-4A40-96EB-1FCF1A0E0226}.Debug|Any CPU.ActiveCfg = Debug|Any CPU
		{C8EA9E84-67F0-4A40-96EB-1FCF1A0E0226}.Debug|Any CPU.Build.0 = Debug|Any CPU
		{C8EA9E84-67F0-4A40-96EB-1FCF1A0E0226}.Release|Any CPU.ActiveCfg = Release|Any CPU
		{C8EA9E84-67F0-4A40-96EB-1FCF1A0E0226}.Release|Any CPU.Build.0 = Release|Any CPU
		{D83767EA-AE7E-4639-9C00-EEA1C7308DE3}.Debug|Any CPU.ActiveCfg = Debug|Any CPU
		{D83767EA-AE7E-4639-9C00-EEA1C7308DE3}.Debug|Any CPU.Build.0 = Debug|Any CPU
		{D83767EA-AE7E-4639-9C00-EEA1C7308DE3}.Release|Any CPU.ActiveCfg = Release|Any CPU
		{D83767EA-AE7E-4639-9C00-EEA1C7308DE3}.Release|Any CPU.Build.0 = Release|Any CPU
		{689D8D2A-6777-4FF1-AA01-46428F0FEA8C}.Debug|Any CPU.ActiveCfg = Debug|Any CPU
		{689D8D2A-6777-4FF1-AA01-46428F0FEA8C}.Debug|Any CPU.Build.0 = Debug|Any CPU
		{689D8D2A-6777-4FF1-AA01-46428F0FEA8C}.Release|Any CPU.ActiveCfg = Release|Any CPU
		{689D8D2A-6777-4FF1-AA01-46428F0FEA8C}.Release|Any CPU.Build.0 = Release|Any CPU
		{0281A477-7589-4EBD-9EF0-C59946BF0B57}.Debug|Any CPU.ActiveCfg = Debug|Any CPU
		{0281A477-7589-4EBD-9EF0-C59946BF0B57}.Debug|Any CPU.Build.0 = Debug|Any CPU
		{0281A477-7589-4EBD-9EF0-C59946BF0B57}.Release|Any CPU.ActiveCfg = Release|Any CPU
		{0281A477-7589-4EBD-9EF0-C59946BF0B57}.Release|Any CPU.Build.0 = Release|Any CPU
		{254867F5-2FAD-41AD-80C1-4FFA6D1E9D29}.Debug|Any CPU.ActiveCfg = Debug|Any CPU
		{254867F5-2FAD-41AD-80C1-4FFA6D1E9D29}.Debug|Any CPU.Build.0 = Debug|Any CPU
		{254867F5-2FAD-41AD-80C1-4FFA6D1E9D29}.Release|Any CPU.ActiveCfg = Release|Any CPU
		{254867F5-2FAD-41AD-80C1-4FFA6D1E9D29}.Release|Any CPU.Build.0 = Release|Any CPU
		{AAD42813-D998-4515-8549-B4E43E6D85E6}.Debug|Any CPU.ActiveCfg = Debug|Any CPU
		{AAD42813-D998-4515-8549-B4E43E6D85E6}.Debug|Any CPU.Build.0 = Debug|Any CPU
		{AAD42813-D998-4515-8549-B4E43E6D85E6}.Release|Any CPU.ActiveCfg = Release|Any CPU
		{AAD42813-D998-4515-8549-B4E43E6D85E6}.Release|Any CPU.Build.0 = Release|Any CPU
		{28927EE6-CA72-4E37-91F6-B704F2088936}.Debug|Any CPU.ActiveCfg = Debug|Any CPU
		{28927EE6-CA72-4E37-91F6-B704F2088936}.Debug|Any CPU.Build.0 = Debug|Any CPU
		{28927EE6-CA72-4E37-91F6-B704F2088936}.Release|Any CPU.ActiveCfg = Release|Any CPU
		{28927EE6-CA72-4E37-91F6-B704F2088936}.Release|Any CPU.Build.0 = Release|Any CPU
		{8FBF351F-E49D-4319-9815-BBFC95E7C102}.Debug|Any CPU.ActiveCfg = Debug|Any CPU
		{8FBF351F-E49D-4319-9815-BBFC95E7C102}.Debug|Any CPU.Build.0 = Debug|Any CPU
		{8FBF351F-E49D-4319-9815-BBFC95E7C102}.Release|Any CPU.ActiveCfg = Release|Any CPU
		{8FBF351F-E49D-4319-9815-BBFC95E7C102}.Release|Any CPU.Build.0 = Release|Any CPU
	EndGlobalSection
	GlobalSection(NestedProjects) = preSolution
		{4EB60904-0E24-4328-8674-70CA3A8F9D31} = {5090C821-0136-4C60-9261-9E336B58EBBD}
		{8759F8F8-F565-43C2-906A-B45B8244239A} = {5090C821-0136-4C60-9261-9E336B58EBBD}
		{4BB31507-B9F9-48BE-A563-EEA84B1F513E} = {8759F8F8-F565-43C2-906A-B45B8244239A}
		{E1B76CE0-3B56-41FE-A1D1-AC6D07C5C91A} = {8759F8F8-F565-43C2-906A-B45B8244239A}
		{227F2A4B-909D-4AC3-B955-36405EFE3E70} = {8759F8F8-F565-43C2-906A-B45B8244239A}
		{612408FA-5DD3-4202-B770-2A824EF6CFED} = {8759F8F8-F565-43C2-906A-B45B8244239A}
		{C32C74FF-7F52-4305-A801-9718237335F0} = {8759F8F8-F565-43C2-906A-B45B8244239A}
		{573FBDC7-2F8C-4BEA-B137-8E94B54C9E82} = {41655C87-2B37-448F-940C-80618B918A73}
		{C8EA9E84-67F0-4A40-96EB-1FCF1A0E0226} = {8759F8F8-F565-43C2-906A-B45B8244239A}
		{D83767EA-AE7E-4639-9C00-EEA1C7308DE3} = {8759F8F8-F565-43C2-906A-B45B8244239A}
		{689D8D2A-6777-4FF1-AA01-46428F0FEA8C} = {8759F8F8-F565-43C2-906A-B45B8244239A}
		{0281A477-7589-4EBD-9EF0-C59946BF0B57} = {8759F8F8-F565-43C2-906A-B45B8244239A}
		{254867F5-2FAD-41AD-80C1-4FFA6D1E9D29} = {8759F8F8-F565-43C2-906A-B45B8244239A}
		{AAD42813-D998-4515-8549-B4E43E6D85E6} = {8759F8F8-F565-43C2-906A-B45B8244239A}
		{28927EE6-CA72-4E37-91F6-B704F2088936} = {8759F8F8-F565-43C2-906A-B45B8244239A}
		{8FBF351F-E49D-4319-9815-BBFC95E7C102} = {8759F8F8-F565-43C2-906A-B45B8244239A}
	EndGlobalSection
EndGlobal
